{
  "name": "github_local_modules",
  "version": "1.0.0",
  "lockfileVersion": 1,
  "requires": true,
  "dependencies": {
    "@mapbox/corslite": {
      "version": "0.0.7",
      "resolved": "https://registry.npmjs.org/@mapbox/corslite/-/corslite-0.0.7.tgz",
      "integrity": "sha1-KfW2oYi6lG5RS98LZAHtT74To54="
    },
    "@mapbox/polyline": {
      "version": "0.2.0",
      "resolved": "https://registry.npmjs.org/@mapbox/polyline/-/polyline-0.2.0.tgz",
      "integrity": "sha1-biWYB0SqIjMflLZFpULALT/P7pc="
    },
    "concat-stream": {
      "version": "1.5.2",
      "resolved": "https://registry.npmjs.org/concat-stream/-/concat-stream-1.5.2.tgz",
      "integrity": "sha1-cIl4Yk2FavQaWnQd790mHadSwmY=",
      "requires": {
        "inherits": "~2.0.1",
        "readable-stream": "~2.0.0",
        "typedarray": "~0.0.5"
      }
    },
    "core-util-is": {
      "version": "1.0.2",
      "resolved": "https://registry.npmjs.org/core-util-is/-/core-util-is-1.0.2.tgz",
      "integrity": "sha1-tf1UIgqivFq1eqtxQMlAdUUDwac="
    },
    "corslite": {
      "version": "0.0.6",
      "resolved": "https://registry.npmjs.org/corslite/-/corslite-0.0.6.tgz",
      "integrity": "sha1-YilU4UwzhSEjxMaPo97/qeLRyJY="
    },
    "immediate": {
      "version": "3.0.6",
      "resolved": "https://registry.npmjs.org/immediate/-/immediate-3.0.6.tgz",
      "integrity": "sha1-nbHb0Pr43m++D13V5Wu2BigN5ps="
    },
    "inherits": {
      "version": "2.0.4",
      "resolved": "https://registry.npmjs.org/inherits/-/inherits-2.0.4.tgz",
      "integrity": "sha512-k/vGaX4/Yla3WzyMCvTQOXYeIHvqOKtnqBduzTHpzpQZzAskKMhZ2K+EnBiSM9zGSoIFeMpXKxa4dYeZIQqewQ=="
    },
    "isarray": {
      "version": "1.0.0",
      "resolved": "https://registry.npmjs.org/isarray/-/isarray-1.0.0.tgz",
      "integrity": "sha1-u5NdSFgsuhaMBoNJV6VKPgcSTxE="
    },
    "leaflet": {
      "version": "1.8.0",
      "resolved": "https://registry.npmjs.org/leaflet/-/leaflet-1.8.0.tgz",
      "integrity": "sha512-gwhMjFCQiYs3x/Sf+d49f10ERXaEFCPr+nVTryhAW8DWbMGqJqt9G4XuIaHmFW08zYvhgdzqXGr8AlW8v8dQkA=="
    },
    "leaflet-ajax": {
      "version": "2.1.0",
      "resolved": "https://registry.npmjs.org/leaflet-ajax/-/leaflet-ajax-2.1.0.tgz",
      "integrity": "sha1-JpND1ZvTjcnfpPOnM+eH/zL+I28=",
      "requires": {
        "lie": "^3.0.1"
      }
    },
    "leaflet-control-geocoder": {
      "version": "2.4.0",
      "resolved": "https://registry.npmjs.org/leaflet-control-geocoder/-/leaflet-control-geocoder-2.4.0.tgz",
      "integrity": "sha512-b2QlxuFd40uIDbnoUI3U9fzfnB4yKUYlmsXjquJ2d2YjoJqnyVYcIJeErAVv3kPvX3nI0gzvBq1XHMgSVFrGkQ==",
      "requires": {
        "open-location-code": "^1.0.0"
      }
    },
    "leaflet-filelayer": {
      "version": "1.2.0",
      "resolved": "https://registry.npmjs.org/leaflet-filelayer/-/leaflet-filelayer-1.2.0.tgz",
      "integrity": "sha512-H3HrOOM9bpkrRUacdnWISV0MKZXLBYsX24H4XV+55QbcGCvd9In6oPzANEnhsokHAwNWd9qP6GfiHEFCfn+qkA=="
    },
    "leaflet-fullhash": {
      "version": "1.0.0",
      "resolved": "https://registry.npmjs.org/leaflet-fullhash/-/leaflet-fullhash-1.0.0.tgz",
      "integrity": "sha512-InZkMX4MZ3ytw119tdEA5LIg8GwV6XDDvovunn4PHQrtPLxPSjpV6FiiuHNocdwHWcNkRelvofo3RGOCx3toBQ=="
    },
    "leaflet-gpx": {
      "version": "1.7.0",
      "resolved": "https://registry.npmjs.org/leaflet-gpx/-/leaflet-gpx-1.7.0.tgz",
      "integrity": "sha512-5NS5WKfp5zaAHMB2KM6OUaIng+SZ3e/UHK2++ABl2wELojYlmLqIL8t1Mj6DaZGkIh3kld+mAUvMGdIzC1yGRA=="
    },
    "leaflet-minimap": {
      "version": "3.6.1",
      "resolved": "https://registry.npmjs.org/leaflet-minimap/-/leaflet-minimap-3.6.1.tgz",
      "integrity": "sha1-KkP/Oz2UekWgrPS978llBbZzpsY="
    },
    "leaflet-routing-machine": {
      "version": "3.2.12",
      "resolved": "https://registry.npmjs.org/leaflet-routing-machine/-/leaflet-routing-machine-3.2.12.tgz",
      "integrity": "sha512-HLde58G1YtD9xSIzZavJ6BPABZaV1hHeGst8ouhzuxmSC3s32NVtADT+njbIUMW1maHRCrsgTk/E4hz5QH7FrA==",
      "requires": {
        "@mapbox/corslite": "0.0.7",
        "@mapbox/polyline": "^0.2.0",
        "osrm-text-instructions": "^0.13.2"
      }
    },
    "leaflet.fullscreen": {
      "version": "1.6.0",
      "resolved": "https://registry.npmjs.org/leaflet.fullscreen/-/leaflet.fullscreen-1.6.0.tgz",
      "integrity": "sha512-Mr6STMeyKSfJ1CsKFcPZOm425LOe0c/6EHh0AK93GiTvteTAMFmO/oFDNe+0p1mk4+8yeGLcYgaXTSzPveEGhA=="
    },
    "lie": {
      "version": "3.3.0",
      "resolved": "https://registry.npmjs.org/lie/-/lie-3.3.0.tgz",
      "integrity": "sha512-UaiMJzeWRlEujzAuw5LokY1L5ecNQYZKfmyZ9L7wDHb/p5etKaxXhohBcrw0EYby+G/NA52vRSN4N39dxHAIwQ==",
      "requires": {
        "immediate": "~3.0.5"
      }
    },
    "lrm-graphhopper": {
      "version": "1.3.0",
      "resolved": "https://registry.npmjs.org/lrm-graphhopper/-/lrm-graphhopper-1.3.0.tgz",
      "integrity": "sha512-Guvm2rGtUJU/OqymOKKtcgUORo8GCC5BGM5vwX4vaqIllEDWqPPNh60fDJoAi9/XclBPQVR5hsMsVBEjyhmljg==",
      "requires": {
        "corslite": "0.0.6",
        "polyline": "0.0.3"
      }
    },
    "minimist": {
      "version": "1.2.6",
      "resolved": "https://registry.npmjs.org/minimist/-/minimist-1.2.6.tgz",
      "integrity": "sha512-Jsjnk4bw3YJqYzbdyBiNsPWHPfO++UGG749Cxs6peCu5Xg4nrena6OVxOYxrQTqww0Jmwt+Ref8rggumkTLz9Q=="
    },
    "open-location-code": {
      "version": "1.0.3",
      "resolved": "https://registry.npmjs.org/open-location-code/-/open-location-code-1.0.3.tgz",
      "integrity": "sha512-DBm14BSn40Ee241n80zIFXIT6+y8Tb0I+jTdosLJ8Sidvr2qONvymwqymVbHV2nS+1gkDZ5eTNpnOIVV0Kn2fw==",
      "optional": true
    },
    "osrm-text-instructions": {
      "version": "0.13.4",
      "resolved": "https://registry.npmjs.org/osrm-text-instructions/-/osrm-text-instructions-0.13.4.tgz",
      "integrity": "sha512-ge4ZTIetMQKAHKq2MwWf83ntzdJN20ndRKRaVNoZ3SkDkBNO99Qddz7r6+hrVx38I+ih6Rk5T1yslczAB6Q9Pg=="
    },
    "polyline": {
      "version": "0.0.3",
      "resolved": "https://registry.npmjs.org/polyline/-/polyline-0.0.3.tgz",
      "integrity": "sha1-B1FR+lLjKVaIOmWs0Cx5S3pXtjw="
    },
    "process-nextick-args": {
      "version": "1.0.7",
      "resolved": "https://registry.npmjs.org/process-nextick-args/-/process-nextick-args-1.0.7.tgz",
      "integrity": "sha1-FQ4gt1ZZCtP5EJPyWk8q2L/zC6M="
    },
    "readable-stream": {
      "version": "2.0.6",
      "resolved": "https://registry.npmjs.org/readable-stream/-/readable-stream-2.0.6.tgz",
      "integrity": "sha1-j5A0HmilPMySh4jaz80Rs265t44=",
      "requires": {
        "core-util-is": "~1.0.0",
        "inherits": "~2.0.1",
        "isarray": "~1.0.0",
        "process-nextick-args": "~1.0.6",
        "string_decoder": "~0.10.x",
        "util-deprecate": "~1.0.1"
      }
    },
    "string_decoder": {
      "version": "0.10.31",
      "resolved": "https://registry.npmjs.org/string_decoder/-/string_decoder-0.10.31.tgz",
      "integrity": "sha1-YuIDvEF2bGwoyfyEMB2rHFMQ+pQ="
    },
    "togeojson": {
      "version": "0.16.0",
      "resolved": "https://registry.npmjs.org/togeojson/-/togeojson-0.16.0.tgz",
      "integrity": "sha1-q1cp5PjJkg5tpfCP2CSQodFqym0=",
      "requires": {
        "concat-stream": "~1.5.1",
        "minimist": "1.2.0",
        "xmldom": "~0.1.19"
      },
      "dependencies": {
        "minimist": {
          "version": "1.2.0",
          "resolved": "https://registry.npmjs.org/minimist/-/minimist-1.2.0.tgz",
          "integrity": "sha512-7Wl+Jz+IGWuSdgsQEJ4JunV0si/iMhg42MnQQG6h1R6TNeVenp4U9x5CC5v/gYqz/fENLQITAWXidNtVL0NNbw=="
        },
        "xmldom": {
          "version": "0.1.31",
          "resolved": "https://registry.npmjs.org/xmldom/-/xmldom-0.1.31.tgz",
          "integrity": "sha512-yS2uJflVQs6n+CyjHoaBmVSqIDevTAWrzMmjG1Gc7h1qQ7uVozNhEPJAwZXWyGQ/Gafo3fCwrcaokezLPupVyQ=="
        }
      }
    },
    "typedarray": {
      "version": "0.0.6",
      "resolved": "https://registry.npmjs.org/typedarray/-/typedarray-0.0.6.tgz",
      "integrity": "sha1-hnrHTjhkGHsdPUfZlqeOxciDB3c="
    },
    "util-deprecate": {
      "version": "1.0.2",
      "resolved": "https://registry.npmjs.org/util-deprecate/-/util-deprecate-1.0.2.tgz",
      "integrity": "sha1-RQ1Nyfpw3nMnYvvS1KKJgUGaDM8="
    },
    "vue-leaflet-minimap": {
      "version": "1.0.8",
      "resolved": "https://registry.npmjs.org/vue-leaflet-minimap/-/vue-leaflet-minimap-1.0.8.tgz",
      "integrity": "sha512-c2K0wygFmCW279u6FHyt6wrWBFmWZgSy+u3MUi7X3l/2wsHlgnln8eRabZXIPSK/FdoA7HwN3hna/6nqijExSQ==",
      "requires": {
        "leaflet-minimap": "^3.6.1",
        "vue2-leaflet": "^2.5.2"
      }
    },
    "vue2-leaflet": {
      "version": "2.7.1",
      "resolved": "https://registry.npmjs.org/vue2-leaflet/-/vue2-leaflet-2.7.1.tgz",
      "integrity": "sha512-K7HOlzRhjt3Z7+IvTqEavIBRbmCwSZSCVUlz9u4Rc+3xGCLsHKz4TAL4diAmfHElCQdPPVdZdJk8wPUt2fu6WQ=="
    },
    "xmldom": {
      "version": "0.6.0",
      "resolved": "https://registry.npmjs.org/xmldom/-/xmldom-0.6.0.tgz",
      "integrity": "sha512-iAcin401y58LckRZ0TkI4k0VSM1Qg0KGSc3i8rU+xrxe19A/BN1zHyVSJY7uoutVlaTSzYyk/v5AmkewAP7jtg=="
    }
  }
}
